// !$*UTF8*$!
{
	archiveVersion = 1;
	classes = {
	};
	objectVersion = 46;
	objects = {

/* Begin PBXBuildFile section */
		CD03BE8C192D9D8F000979DF /* tmp_cblist.png in Resources */ = {isa = PBXBuildFile; fileRef = CD03BE8A192D9D8F000979DF /* tmp_cblist.png */; };
		CD03BE8D192D9D8F000979DF /* tmp_cblist@2px.png in Resources */ = {isa = PBXBuildFile; fileRef = CD03BE8B192D9D8F000979DF /* tmp_cblist@2px.png */; };
		CD4956DD192CD09000C9E90F /* reservation.html in Resources */ = {isa = PBXBuildFile; fileRef = CD4956DC192CD09000C9E90F /* reservation.html */; };
		CD4956E1192CEDF700C9E90F /* ButtonGroupViewController.m in Sources */ = {isa = PBXBuildFile; fileRef = CD4956E0192CEDF700C9E90F /* ButtonGroupViewController.m */; };
		CD4956E6192CEEEC00C9E90F /* buttonGroupSelected.png in Resources */ = {isa = PBXBuildFile; fileRef = CD4956E2192CEEEC00C9E90F /* buttonGroupSelected.png */; };
		CD4956E7192CEEEC00C9E90F /* buttonGroupSelected@2x.png in Resources */ = {isa = PBXBuildFile; fileRef = CD4956E3192CEEEC00C9E90F /* buttonGroupSelected@2x.png */; };
		CD4956EC192CEF8300C9E90F /* buttonGroupNormal.png in Resources */ = {isa = PBXBuildFile; fileRef = CD4956EA192CEF8300C9E90F /* buttonGroupNormal.png */; };
		CD4956ED192CEF8300C9E90F /* buttonGroupNormal@2x.png in Resources */ = {isa = PBXBuildFile; fileRef = CD4956EB192CEF8300C9E90F /* buttonGroupNormal@2x.png */; };
		CD4956F0192CF51D00C9E90F /* ZButtonGroupItem.m in Sources */ = {isa = PBXBuildFile; fileRef = CD4956EF192CF51D00C9E90F /* ZButtonGroupItem.m */; };
		CD4B5BE6192B0A3E00F4CE33 /* SettingsViewController.m in Sources */ = {isa = PBXBuildFile; fileRef = CD4B5BE5192B0A3E00F4CE33 /* SettingsViewController.m */; };
		CD4B5BE9192B0B0600F4CE33 /* whiteBg.png in Resources */ = {isa = PBXBuildFile; fileRef = CD4B5BE7192B0B0600F4CE33 /* whiteBg.png */; };
		CD4B5BEA192B0B0600F4CE33 /* whiteBg@2x.png in Resources */ = {isa = PBXBuildFile; fileRef = CD4B5BE8192B0B0600F4CE33 /* whiteBg@2x.png */; };
		CD4B5BED192B0B3100F4CE33 /* WhiteBaseViewController.m in Sources */ = {isa = PBXBuildFile; fileRef = CD4B5BEC192B0B3100F4CE33 /* WhiteBaseViewController.m */; };
		CD4B5BF0192B0E5800F4CE33 /* sidemenuBg.png in Resources */ = {isa = PBXBuildFile; fileRef = CD4B5BEE192B0E5800F4CE33 /* sidemenuBg.png */; };
		CD4B5BF1192B0E5800F4CE33 /* sidemenuBg@2x.png in Resources */ = {isa = PBXBuildFile; fileRef = CD4B5BEF192B0E5800F4CE33 /* sidemenuBg@2x.png */; };
		CD4B5BF4192B106500F4CE33 /* navbar.png in Resources */ = {isa = PBXBuildFile; fileRef = CD4B5BF2192B106500F4CE33 /* navbar.png */; };
		CD4B5BF5192B106500F4CE33 /* navbar@2x.png in Resources */ = {isa = PBXBuildFile; fileRef = CD4B5BF3192B106500F4CE33 /* navbar@2x.png */; };
		CD4B5BFB192B1E9F00F4CE33 /* iconCookbook.png in Resources */ = {isa = PBXBuildFile; fileRef = CD4B5BF6192B1E9F00F4CE33 /* iconCookbook.png */; };
		CD4B5BFC192B1E9F00F4CE33 /* iconHome.png in Resources */ = {isa = PBXBuildFile; fileRef = CD4B5BF7192B1E9F00F4CE33 /* iconHome.png */; };
		CD4B5BFD192B1E9F00F4CE33 /* iconMyfarm.png in Resources */ = {isa = PBXBuildFile; fileRef = CD4B5BF8192B1E9F00F4CE33 /* iconMyfarm.png */; };
		CD4B5BFE192B1E9F00F4CE33 /* iconReservation.png in Resources */ = {isa = PBXBuildFile; fileRef = CD4B5BF9192B1E9F00F4CE33 /* iconReservation.png */; };
		CD4B5BFF192B1E9F00F4CE33 /* iconSettings.png in Resources */ = {isa = PBXBuildFile; fileRef = CD4B5BFA192B1E9F00F4CE33 /* iconSettings.png */; };
		CD4B5C01192B207200F4CE33 /* iconMenu.png in Resources */ = {isa = PBXBuildFile; fileRef = CD4B5C00192B207200F4CE33 /* iconMenu.png */; };
		CD4B5C05192B249400F4CE33 /* 冬青黑体W3.otf in Resources */ = {isa = PBXBuildFile; fileRef = CD4B5C04192B246300F4CE33 /* 冬青黑体W3.otf */; };
		CD4B5C07192B277100F4CE33 /* sideLogo.png in Resources */ = {isa = PBXBuildFile; fileRef = CD4B5C06192B277100F4CE33 /* sideLogo.png */; };
		CD4B5C09192B2A6B00F4CE33 /* tmp_package.png in Resources */ = {isa = PBXBuildFile; fileRef = CD4B5C08192B2A6B00F4CE33 /* tmp_package.png */; };
		CD4B5C0B192B307200F4CE33 /* shopcart.png in Resources */ = {isa = PBXBuildFile; fileRef = CD4B5C0A192B307200F4CE33 /* shopcart.png */; };
		CD4B5C0E192B309700F4CE33 /* PackageDetailViewController.m in Sources */ = {isa = PBXBuildFile; fileRef = CD4B5C0D192B309700F4CE33 /* PackageDetailViewController.m */; };
		CD52AA6F1927660C00367197 /* OrderDetailViewController.m in Sources */ = {isa = PBXBuildFile; fileRef = CD52AA6E1927660C00367197 /* OrderDetailViewController.m */; };
		CD52AA75192822A200367197 /* viewBackground.png in Resources */ = {isa = PBXBuildFile; fileRef = CD52AA73192822A200367197 /* viewBackground.png */; };
		CD52AA76192822A200367197 /* viewBackground@2x.png in Resources */ = {isa = PBXBuildFile; fileRef = CD52AA74192822A200367197 /* viewBackground@2x.png */; };
		CD52AA781928264300367197 /* order-background.png in Resources */ = {isa = PBXBuildFile; fileRef = CD52AA771928264300367197 /* order-background.png */; };
		CD52AA7A192827D300367197 /* toPayBtn.png in Resources */ = {isa = PBXBuildFile; fileRef = CD52AA79192827D300367197 /* toPayBtn.png */; };
		CD52AA7D192829E900367197 /* MyFarmViewController.m in Sources */ = {isa = PBXBuildFile; fileRef = CD52AA7C192829E900367197 /* MyFarmViewController.m */; };
		CD52AA7F1928624A00367197 /* myfarm.html in Resources */ = {isa = PBXBuildFile; fileRef = CD52AA7E1928624A00367197 /* myfarm.html */; };
		CD52AA821928C3D200367197 /* PeiyushixiangViewController.m in Sources */ = {isa = PBXBuildFile; fileRef = CD52AA811928C3D200367197 /* PeiyushixiangViewController.m */; };
		CD52AA84192A361900367197 /* peiyushixiang.html in Resources */ = {isa = PBXBuildFile; fileRef = CD52AA83192A361900367197 /* peiyushixiang.html */; };
		CD803196192B7AEC00AC7D4D /* backButton.png in Resources */ = {isa = PBXBuildFile; fileRef = CD803194192B7AEC00AC7D4D /* backButton.png */; };
		CD803197192B7AEC00AC7D4D /* backButton@2x.png in Resources */ = {isa = PBXBuildFile; fileRef = CD803195192B7AEC00AC7D4D /* backButton@2x.png */; };
		CD803199192BA86400AC7D4D /* Default.png in Resources */ = {isa = PBXBuildFile; fileRef = CD803198192BA86400AC7D4D /* Default.png */; };
		CD80319B192BA8E000AC7D4D /* Default@2x.png in Resources */ = {isa = PBXBuildFile; fileRef = CD80319A192BA8E000AC7D4D /* Default@2x.png */; };
		CD80319E192C353B00AC7D4D /* splash.png in Resources */ = {isa = PBXBuildFile; fileRef = CD80319C192C353B00AC7D4D /* splash.png */; };
		CD80319F192C353B00AC7D4D /* splash@2x.png in Resources */ = {isa = PBXBuildFile; fileRef = CD80319D192C353B00AC7D4D /* splash@2x.png */; };
		CD8031A2192C3AB800AC7D4D /* SignInViewController.m in Sources */ = {isa = PBXBuildFile; fileRef = CD8031A1192C3AB800AC7D4D /* SignInViewController.m */; };
		CD8031A5192C3C2D00AC7D4D /* signinBG.png in Resources */ = {isa = PBXBuildFile; fileRef = CD8031A3192C3C2D00AC7D4D /* signinBG.png */; };
		CD8031A6192C3C2D00AC7D4D /* signinBG@2x.png in Resources */ = {isa = PBXBuildFile; fileRef = CD8031A4192C3C2D00AC7D4D /* signinBG@2x.png */; };
		CD8031A9192C3D5100AC7D4D /* tmp_login.png in Resources */ = {isa = PBXBuildFile; fileRef = CD8031A7192C3D5100AC7D4D /* tmp_login.png */; };
		CD8031AA192C3D5100AC7D4D /* tmp_login@2x.png in Resources */ = {isa = PBXBuildFile; fileRef = CD8031A8192C3D5100AC7D4D /* tmp_login@2x.png */; };
		CD8031AE192C43B400AC7D4D /* ZTextFiled.m in Sources */ = {isa = PBXBuildFile; fileRef = CD8031AD192C43B400AC7D4D /* ZTextFiled.m */; };
		CD8031B1192C482400AC7D4D /* loginBtn.png in Resources */ = {isa = PBXBuildFile; fileRef = CD8031AF192C482400AC7D4D /* loginBtn.png */; };
		CD8031B2192C482400AC7D4D /* loginBtn@2x.png in Resources */ = {isa = PBXBuildFile; fileRef = CD8031B0192C482400AC7D4D /* loginBtn@2x.png */; };
		CD8031B5192C5FA100AC7D4D /* addressBtn.png in Resources */ = {isa = PBXBuildFile; fileRef = CD8031B3192C5FA100AC7D4D /* addressBtn.png */; };
		CD8031B6192C5FA100AC7D4D /* addressBtn@2x.png in Resources */ = {isa = PBXBuildFile; fileRef = CD8031B4192C5FA100AC7D4D /* addressBtn@2x.png */; };
		CD8031B9192C60CB00AC7D4D /* AddressSelectViewController.m in Sources */ = {isa = PBXBuildFile; fileRef = CD8031B8192C60CB00AC7D4D /* AddressSelectViewController.m */; };
		CDD0FE6D192AE507000B7B26 /* CookbookViewController.m in Sources */ = {isa = PBXBuildFile; fileRef = CDD0FE6C192AE507000B7B26 /* CookbookViewController.m */; };
		CDD0FE6F192AE755000B7B26 /* cookbook.html in Resources */ = {isa = PBXBuildFile; fileRef = CDD0FE6E192AE755000B7B26 /* cookbook.html */; };
		CDD0FE72192AE831000B7B26 /* CookbookDetailViewController.m in Sources */ = {isa = PBXBuildFile; fileRef = CDD0FE71192AE831000B7B26 /* CookbookDetailViewController.m */; };
		CDD0FE74192AE883000B7B26 /* cookbook-detail.html in Resources */ = {isa = PBXBuildFile; fileRef = CDD0FE73192AE883000B7B26 /* cookbook-detail.html */; };
		CDD0FE77192AF55E000B7B26 /* PackageViewController.m in Sources */ = {isa = PBXBuildFile; fileRef = CDD0FE76192AF55E000B7B26 /* PackageViewController.m */; };
		CDD8E4B81922E9E60095247B /* Foundation.framework in Frameworks */ = {isa = PBXBuildFile; fileRef = CDD8E4B71922E9E60095247B /* Foundation.framework */; };
		CDD8E4BA1922E9E60095247B /* CoreGraphics.framework in Frameworks */ = {isa = PBXBuildFile; fileRef = CDD8E4B91922E9E60095247B /* CoreGraphics.framework */; };
		CDD8E4BC1922E9E60095247B /* UIKit.framework in Frameworks */ = {isa = PBXBuildFile; fileRef = CDD8E4BB1922E9E60095247B /* UIKit.framework */; };
		CDD8E4C21922E9E60095247B /* InfoPlist.strings in Resources */ = {isa = PBXBuildFile; fileRef = CDD8E4C01922E9E60095247B /* InfoPlist.strings */; };
		CDD8E4C41922E9E60095247B /* main.m in Sources */ = {isa = PBXBuildFile; fileRef = CDD8E4C31922E9E60095247B /* main.m */; };
		CDD8E4C81922E9E60095247B /* AppDelegate.m in Sources */ = {isa = PBXBuildFile; fileRef = CDD8E4C71922E9E60095247B /* AppDelegate.m */; };
		CDD8E4CB1922E9E60095247B /* Main_iPhone.storyboard in Resources */ = {isa = PBXBuildFile; fileRef = CDD8E4C91922E9E60095247B /* Main_iPhone.storyboard */; };
		CDD8E4CE1922E9E60095247B /* Main_iPad.storyboard in Resources */ = {isa = PBXBuildFile; fileRef = CDD8E4CC1922E9E60095247B /* Main_iPad.storyboard */; };
		CDD8E4D11922E9E60095247B /* ViewController.m in Sources */ = {isa = PBXBuildFile; fileRef = CDD8E4D01922E9E60095247B /* ViewController.m */; };
		CDD8E4D31922E9E60095247B /* Images.xcassets in Resources */ = {isa = PBXBuildFile; fileRef = CDD8E4D21922E9E60095247B /* Images.xcassets */; };
		CDD8E4DA1922E9E60095247B /* XCTest.framework in Frameworks */ = {isa = PBXBuildFile; fileRef = CDD8E4D91922E9E60095247B /* XCTest.framework */; };
		CDD8E4DB1922E9E60095247B /* Foundation.framework in Frameworks */ = {isa = PBXBuildFile; fileRef = CDD8E4B71922E9E60095247B /* Foundation.framework */; };
		CDD8E4DC1922E9E60095247B /* UIKit.framework in Frameworks */ = {isa = PBXBuildFile; fileRef = CDD8E4BB1922E9E60095247B /* UIKit.framework */; };
		CDD8E4E41922E9E60095247B /* InfoPlist.strings in Resources */ = {isa = PBXBuildFile; fileRef = CDD8E4E21922E9E60095247B /* InfoPlist.strings */; };
		CDD8E4E61922E9E60095247B /* farmTests.m in Sources */ = {isa = PBXBuildFile; fileRef = CDD8E4E51922E9E60095247B /* farmTests.m */; };
		CDD8E4F51922EA580095247B /* SideMenuViewController.m in Sources */ = {isa = PBXBuildFile; fileRef = CDD8E4F41922EA580095247B /* SideMenuViewController.m */; };
		CDD8E4F81922EF9F0095247B /* SWRevealViewController.m in Sources */ = {isa = PBXBuildFile; fileRef = CDD8E4F71922EF9F0095247B /* SWRevealViewController.m */; };
		CDD8E4FB1922F3540095247B /* BaseViewController.m in Sources */ = {isa = PBXBuildFile; fileRef = CDD8E4FA1922F3540095247B /* BaseViewController.m */; };
		CDD8E4FE1922F35D0095247B /* TodosViewController.m in Sources */ = {isa = PBXBuildFile; fileRef = CDD8E4FD1922F35D0095247B /* TodosViewController.m */; };
		CDDF5F12192C697000D8B9CC /* addressSelect.html in Resources */ = {isa = PBXBuildFile; fileRef = CDDF5F11192C697000D8B9CC /* addressSelect.html */; };
		CDDF5F15192C76C800D8B9CC /* MyCenterViewController.m in Sources */ = {isa = PBXBuildFile; fileRef = CDDF5F14192C76C800D8B9CC /* MyCenterViewController.m */; };
		CDDF5F18192C7D5A00D8B9CC /* centerTopImage.png in Resources */ = {isa = PBXBuildFile; fileRef = CDDF5F16192C7D5A00D8B9CC /* centerTopImage.png */; };
		CDDF5F19192C7D5A00D8B9CC /* centerTopImage@2x.png in Resources */ = {isa = PBXBuildFile; fileRef = CDDF5F17192C7D5A00D8B9CC /* centerTopImage@2x.png */; };
		CDDF5F1E192C82A000D8B9CC /* 关注他.png in Resources */ = {isa = PBXBuildFile; fileRef = CDDF5F1A192C82A000D8B9CC /* 关注他.png */; };
		CDDF5F1F192C82A000D8B9CC /* 关注他@2x.png in Resources */ = {isa = PBXBuildFile; fileRef = CDDF5F1B192C82A000D8B9CC /* 关注他@2x.png */; };
		CDDF5F20192C82A000D8B9CC /* 在关注.png in Resources */ = {isa = PBXBuildFile; fileRef = CDDF5F1C192C82A000D8B9CC /* 在关注.png */; };
		CDDF5F21192C82A000D8B9CC /* 在关注@2x.png in Resources */ = {isa = PBXBuildFile; fileRef = CDDF5F1D192C82A000D8B9CC /* 在关注@2x.png */; };
		CDDF5F24192C82FC00D8B9CC /* 赞.png in Resources */ = {isa = PBXBuildFile; fileRef = CDDF5F22192C82FC00D8B9CC /* 赞.png */; };
		CDDF5F25192C82FC00D8B9CC /* 赞@2x.png in Resources */ = {isa = PBXBuildFile; fileRef = CDDF5F23192C82FC00D8B9CC /* 赞@2x.png */; };
		CDDF5F28192C882100D8B9CC /* tmp_小厨选项.png in Resources */ = {isa = PBXBuildFile; fileRef = CDDF5F26192C882100D8B9CC /* tmp_小厨选项.png */; };
		CDDF5F29192C882100D8B9CC /* tmp_小厨选项@2x.png in Resources */ = {isa = PBXBuildFile; fileRef = CDDF5F27192C882100D8B9CC /* tmp_小厨选项@2x.png */; };
		CDDF5F2C192C897800D8B9CC /* iconShopcart.png in Resources */ = {isa = PBXBuildFile; fileRef = CDDF5F2A192C897800D8B9CC /* iconShopcart.png */; };
		CDDF5F2D192C897800D8B9CC /* iconShopcart@2x.png in Resources */ = {isa = PBXBuildFile; fileRef = CDDF5F2B192C897800D8B9CC /* iconShopcart@2x.png */; };
		CDDF5F2F192C8A5500D8B9CC /* iconMenu@2x.png in Resources */ = {isa = PBXBuildFile; fileRef = CDDF5F2E192C8A5500D8B9CC /* iconMenu@2x.png */; };
		CDDF5F33192CB4BD00D8B9CC /* Config.m in Sources */ = {isa = PBXBuildFile; fileRef = CDDF5F32192CB4BD00D8B9CC /* Config.m */; };
		CDE7907B19245AA1007996AB /* www in Resources */ = {isa = PBXBuildFile; fileRef = CDE7907A19245AA1007996AB /* www */; };
		CDE79080192466BB007996AB /* todos.html in Resources */ = {isa = PBXBuildFile; fileRef = CDE7907F192466BB007996AB /* todos.html */; };
		CDE7908519246928007996AB /* ReservationViewController.m in Sources */ = {isa = PBXBuildFile; fileRef = CDE7908419246928007996AB /* ReservationViewController.m */; };
/* End PBXBuildFile section */

/* Begin PBXContainerItemProxy section */
		CDD8E4DD1922E9E60095247B /* PBXContainerItemProxy */ = {
			isa = PBXContainerItemProxy;
			containerPortal = CDD8E4AC1922E9E60095247B /* Project object */;
			proxyType = 1;
			remoteGlobalIDString = CDD8E4B31922E9E60095247B;
			remoteInfo = farm;
		};
/* End PBXContainerItemProxy section */

/* Begin PBXFileReference section */
		CD03BE8A192D9D8F000979DF /* tmp_cblist.png */ = {isa = PBXFileReference; lastKnownFileType = image.png; path = tmp_cblist.png; sourceTree = "<group>"; };
		CD03BE8B192D9D8F000979DF /* tmp_cblist@2px.png */ = {isa = PBXFileReference; lastKnownFileType = image.png; path = "tmp_cblist@2px.png"; sourceTree = "<group>"; };
		CD4956DC192CD09000C9E90F /* reservation.html */ = {isa = PBXFileReference; fileEncoding = 4; lastKnownFileType = text.html; name = reservation.html; path = farm/reservation.html; sourceTree = "<group>"; };
		CD4956DF192CEDF700C9E90F /* ButtonGroupViewController.h */ = {isa = PBXFileReference; fileEncoding = 4; lastKnownFileType = sourcecode.c.h; path = ButtonGroupViewController.h; sourceTree = "<group>"; };
		CD4956E0192CEDF700C9E90F /* ButtonGroupViewController.m */ = {isa = PBXFileReference; fileEncoding = 4; lastKnownFileType = sourcecode.c.objc; path = ButtonGroupViewController.m; sourceTree = "<group>"; };
		CD4956E2192CEEEC00C9E90F /* buttonGroupSelected.png */ = {isa = PBXFileReference; lastKnownFileType = image.png; path = buttonGroupSelected.png; sourceTree = "<group>"; };
		CD4956E3192CEEEC00C9E90F /* buttonGroupSelected@2x.png */ = {isa = PBXFileReference; lastKnownFileType = image.png; path = "buttonGroupSelected@2x.png"; sourceTree = "<group>"; };
		CD4956EA192CEF8300C9E90F /* buttonGroupNormal.png */ = {isa = PBXFileReference; lastKnownFileType = image.png; path = buttonGroupNormal.png; sourceTree = "<group>"; };
		CD4956EB192CEF8300C9E90F /* buttonGroupNormal@2x.png */ = {isa = PBXFileReference; lastKnownFileType = image.png; path = "buttonGroupNormal@2x.png"; sourceTree = "<group>"; };
		CD4956EE192CF51D00C9E90F /* ZButtonGroupItem.h */ = {isa = PBXFileReference; fileEncoding = 4; lastKnownFileType = sourcecode.c.h; path = ZButtonGroupItem.h; sourceTree = "<group>"; };
		CD4956EF192CF51D00C9E90F /* ZButtonGroupItem.m */ = {isa = PBXFileReference; fileEncoding = 4; lastKnownFileType = sourcecode.c.objc; path = ZButtonGroupItem.m; sourceTree = "<group>"; };
		CD4B5BE4192B0A3E00F4CE33 /* SettingsViewController.h */ = {isa = PBXFileReference; fileEncoding = 4; lastKnownFileType = sourcecode.c.h; path = SettingsViewController.h; sourceTree = "<group>"; };
		CD4B5BE5192B0A3E00F4CE33 /* SettingsViewController.m */ = {isa = PBXFileReference; fileEncoding = 4; lastKnownFileType = sourcecode.c.objc; path = SettingsViewController.m; sourceTree = "<group>"; };
		CD4B5BE7192B0B0600F4CE33 /* whiteBg.png */ = {isa = PBXFileReference; lastKnownFileType = image.png; path = whiteBg.png; sourceTree = "<group>"; };
		CD4B5BE8192B0B0600F4CE33 /* whiteBg@2x.png */ = {isa = PBXFileReference; lastKnownFileType = image.png; path = "whiteBg@2x.png"; sourceTree = "<group>"; };
		CD4B5BEB192B0B3100F4CE33 /* WhiteBaseViewController.h */ = {isa = PBXFileReference; fileEncoding = 4; lastKnownFileType = sourcecode.c.h; path = WhiteBaseViewController.h; sourceTree = "<group>"; };
		CD4B5BEC192B0B3100F4CE33 /* WhiteBaseViewController.m */ = {isa = PBXFileReference; fileEncoding = 4; lastKnownFileType = sourcecode.c.objc; path = WhiteBaseViewController.m; sourceTree = "<group>"; };
		CD4B5BEE192B0E5800F4CE33 /* sidemenuBg.png */ = {isa = PBXFileReference; lastKnownFileType = image.png; path = sidemenuBg.png; sourceTree = "<group>"; };
		CD4B5BEF192B0E5800F4CE33 /* sidemenuBg@2x.png */ = {isa = PBXFileReference; lastKnownFileType = image.png; path = "sidemenuBg@2x.png"; sourceTree = "<group>"; };
		CD4B5BF2192B106500F4CE33 /* navbar.png */ = {isa = PBXFileReference; lastKnownFileType = image.png; path = navbar.png; sourceTree = "<group>"; };
		CD4B5BF3192B106500F4CE33 /* navbar@2x.png */ = {isa = PBXFileReference; lastKnownFileType = image.png; path = "navbar@2x.png"; sourceTree = "<group>"; };
		CD4B5BF6192B1E9F00F4CE33 /* iconCookbook.png */ = {isa = PBXFileReference; lastKnownFileType = image.png; path = iconCookbook.png; sourceTree = "<group>"; };
		CD4B5BF7192B1E9F00F4CE33 /* iconHome.png */ = {isa = PBXFileReference; lastKnownFileType = image.png; path = iconHome.png; sourceTree = "<group>"; };
		CD4B5BF8192B1E9F00F4CE33 /* iconMyfarm.png */ = {isa = PBXFileReference; lastKnownFileType = image.png; path = iconMyfarm.png; sourceTree = "<group>"; };
		CD4B5BF9192B1E9F00F4CE33 /* iconReservation.png */ = {isa = PBXFileReference; lastKnownFileType = image.png; path = iconReservation.png; sourceTree = "<group>"; };
		CD4B5BFA192B1E9F00F4CE33 /* iconSettings.png */ = {isa = PBXFileReference; lastKnownFileType = image.png; path = iconSettings.png; sourceTree = "<group>"; };
		CD4B5C00192B207200F4CE33 /* iconMenu.png */ = {isa = PBXFileReference; lastKnownFileType = image.png; path = iconMenu.png; sourceTree = "<group>"; };
		CD4B5C04192B246300F4CE33 /* 冬青黑体W3.otf */ = {isa = PBXFileReference; lastKnownFileType = file; path = "冬青黑体W3.otf"; sourceTree = "<group>"; };
		CD4B5C06192B277100F4CE33 /* sideLogo.png */ = {isa = PBXFileReference; lastKnownFileType = image.png; path = sideLogo.png; sourceTree = "<group>"; };
		CD4B5C08192B2A6B00F4CE33 /* tmp_package.png */ = {isa = PBXFileReference; lastKnownFileType = image.png; path = tmp_package.png; sourceTree = "<group>"; };
		CD4B5C0A192B307200F4CE33 /* shopcart.png */ = {isa = PBXFileReference; lastKnownFileType = image.png; path = shopcart.png; sourceTree = "<group>"; };
		CD4B5C0C192B309700F4CE33 /* PackageDetailViewController.h */ = {isa = PBXFileReference; fileEncoding = 4; lastKnownFileType = sourcecode.c.h; path = PackageDetailViewController.h; sourceTree = "<group>"; };
		CD4B5C0D192B309700F4CE33 /* PackageDetailViewController.m */ = {isa = PBXFileReference; fileEncoding = 4; lastKnownFileType = sourcecode.c.objc; path = PackageDetailViewController.m; sourceTree = "<group>"; };
		CD52AA6D1927660C00367197 /* OrderDetailViewController.h */ = {isa = PBXFileReference; fileEncoding = 4; lastKnownFileType = sourcecode.c.h; path = OrderDetailViewController.h; sourceTree = "<group>"; };
		CD52AA6E1927660C00367197 /* OrderDetailViewController.m */ = {isa = PBXFileReference; fileEncoding = 4; lastKnownFileType = sourcecode.c.objc; path = OrderDetailViewController.m; sourceTree = "<group>"; };
		CD52AA73192822A200367197 /* viewBackground.png */ = {isa = PBXFileReference; lastKnownFileType = image.png; path = viewBackground.png; sourceTree = "<group>"; };
		CD52AA74192822A200367197 /* viewBackground@2x.png */ = {isa = PBXFileReference; lastKnownFileType = image.png; path = "viewBackground@2x.png"; sourceTree = "<group>"; };
		CD52AA771928264300367197 /* order-background.png */ = {isa = PBXFileReference; lastKnownFileType = image.png; path = "order-background.png"; sourceTree = "<group>"; };
		CD52AA79192827D300367197 /* toPayBtn.png */ = {isa = PBXFileReference; lastKnownFileType = image.png; path = toPayBtn.png; sourceTree = "<group>"; };
		CD52AA7B192829E900367197 /* MyFarmViewController.h */ = {isa = PBXFileReference; fileEncoding = 4; lastKnownFileType = sourcecode.c.h; path = MyFarmViewController.h; sourceTree = "<group>"; };
		CD52AA7C192829E900367197 /* MyFarmViewController.m */ = {isa = PBXFileReference; fileEncoding = 4; lastKnownFileType = sourcecode.c.objc; path = MyFarmViewController.m; sourceTree = "<group>"; };
		CD52AA7E1928624A00367197 /* myfarm.html */ = {isa = PBXFileReference; fileEncoding = 4; lastKnownFileType = text.html; name = myfarm.html; path = farm/myfarm.html; sourceTree = "<group>"; };
		CD52AA801928C3D200367197 /* PeiyushixiangViewController.h */ = {isa = PBXFileReference; fileEncoding = 4; lastKnownFileType = sourcecode.c.h; path = PeiyushixiangViewController.h; sourceTree = "<group>"; };
		CD52AA811928C3D200367197 /* PeiyushixiangViewController.m */ = {isa = PBXFileReference; fileEncoding = 4; lastKnownFileType = sourcecode.c.objc; path = PeiyushixiangViewController.m; sourceTree = "<group>"; };
		CD52AA83192A361900367197 /* peiyushixiang.html */ = {isa = PBXFileReference; fileEncoding = 4; lastKnownFileType = text.html; name = peiyushixiang.html; path = farm/peiyushixiang.html; sourceTree = "<group>"; };
		CD803194192B7AEC00AC7D4D /* backButton.png */ = {isa = PBXFileReference; lastKnownFileType = image.png; path = backButton.png; sourceTree = "<group>"; };
		CD803195192B7AEC00AC7D4D /* backButton@2x.png */ = {isa = PBXFileReference; lastKnownFileType = image.png; path = "backButton@2x.png"; sourceTree = "<group>"; };
		CD803198192BA86400AC7D4D /* Default.png */ = {isa = PBXFileReference; lastKnownFileType = image.png; path = Default.png; sourceTree = "<group>"; };
		CD80319A192BA8E000AC7D4D /* Default@2x.png */ = {isa = PBXFileReference; lastKnownFileType = image.png; path = "Default@2x.png"; sourceTree = "<group>"; };
		CD80319C192C353B00AC7D4D /* splash.png */ = {isa = PBXFileReference; lastKnownFileType = image.png; path = splash.png; sourceTree = "<group>"; };
		CD80319D192C353B00AC7D4D /* splash@2x.png */ = {isa = PBXFileReference; lastKnownFileType = image.png; path = "splash@2x.png"; sourceTree = "<group>"; };
		CD8031A0192C3AB800AC7D4D /* SignInViewController.h */ = {isa = PBXFileReference; fileEncoding = 4; lastKnownFileType = sourcecode.c.h; path = SignInViewController.h; sourceTree = "<group>"; };
		CD8031A1192C3AB800AC7D4D /* SignInViewController.m */ = {isa = PBXFileReference; fileEncoding = 4; lastKnownFileType = sourcecode.c.objc; path = SignInViewController.m; sourceTree = "<group>"; };
		CD8031A3192C3C2D00AC7D4D /* signinBG.png */ = {isa = PBXFileReference; lastKnownFileType = image.png; path = signinBG.png; sourceTree = "<group>"; };
		CD8031A4192C3C2D00AC7D4D /* signinBG@2x.png */ = {isa = PBXFileReference; lastKnownFileType = image.png; path = "signinBG@2x.png"; sourceTree = "<group>"; };
		CD8031A7192C3D5100AC7D4D /* tmp_login.png */ = {isa = PBXFileReference; lastKnownFileType = image.png; path = tmp_login.png; sourceTree = "<group>"; };
		CD8031A8192C3D5100AC7D4D /* tmp_login@2x.png */ = {isa = PBXFileReference; lastKnownFileType = image.png; path = "tmp_login@2x.png"; sourceTree = "<group>"; };
		CD8031AC192C43B400AC7D4D /* ZTextFiled.h */ = {isa = PBXFileReference; fileEncoding = 4; lastKnownFileType = sourcecode.c.h; path = ZTextFiled.h; sourceTree = "<group>"; };
		CD8031AD192C43B400AC7D4D /* ZTextFiled.m */ = {isa = PBXFileReference; fileEncoding = 4; lastKnownFileType = sourcecode.c.objc; path = ZTextFiled.m; sourceTree = "<group>"; };
		CD8031AF192C482400AC7D4D /* loginBtn.png */ = {isa = PBXFileReference; lastKnownFileType = image.png; path = loginBtn.png; sourceTree = "<group>"; };
		CD8031B0192C482400AC7D4D /* loginBtn@2x.png */ = {isa = PBXFileReference; lastKnownFileType = image.png; path = "loginBtn@2x.png"; sourceTree = "<group>"; };
		CD8031B3192C5FA100AC7D4D /* addressBtn.png */ = {isa = PBXFileReference; lastKnownFileType = image.png; path = addressBtn.png; sourceTree = "<group>"; };
		CD8031B4192C5FA100AC7D4D /* addressBtn@2x.png */ = {isa = PBXFileReference; lastKnownFileType = image.png; path = "addressBtn@2x.png"; sourceTree = "<group>"; };
		CD8031B7192C60CB00AC7D4D /* AddressSelectViewController.h */ = {isa = PBXFileReference; fileEncoding = 4; lastKnownFileType = sourcecode.c.h; path = AddressSelectViewController.h; sourceTree = "<group>"; };
		CD8031B8192C60CB00AC7D4D /* AddressSelectViewController.m */ = {isa = PBXFileReference; fileEncoding = 4; lastKnownFileType = sourcecode.c.objc; path = AddressSelectViewController.m; sourceTree = "<group>"; };
		CDD0FE6B192AE507000B7B26 /* CookbookViewController.h */ = {isa = PBXFileReference; fileEncoding = 4; lastKnownFileType = sourcecode.c.h; path = CookbookViewController.h; sourceTree = "<group>"; };
		CDD0FE6C192AE507000B7B26 /* CookbookViewController.m */ = {isa = PBXFileReference; fileEncoding = 4; lastKnownFileType = sourcecode.c.objc; path = CookbookViewController.m; sourceTree = "<group>"; };
		CDD0FE6E192AE755000B7B26 /* cookbook.html */ = {isa = PBXFileReference; fileEncoding = 4; lastKnownFileType = text.html; name = cookbook.html; path = farm/cookbook.html; sourceTree = "<group>"; };
		CDD0FE70192AE831000B7B26 /* CookbookDetailViewController.h */ = {isa = PBXFileReference; fileEncoding = 4; lastKnownFileType = sourcecode.c.h; path = CookbookDetailViewController.h; sourceTree = "<group>"; };
		CDD0FE71192AE831000B7B26 /* CookbookDetailViewController.m */ = {isa = PBXFileReference; fileEncoding = 4; lastKnownFileType = sourcecode.c.objc; path = CookbookDetailViewController.m; sourceTree = "<group>"; };
		CDD0FE73192AE883000B7B26 /* cookbook-detail.html */ = {isa = PBXFileReference; fileEncoding = 4; lastKnownFileType = text.html; name = "cookbook-detail.html"; path = "farm/cookbook-detail.html"; sourceTree = "<group>"; };
		CDD0FE75192AF55E000B7B26 /* PackageViewController.h */ = {isa = PBXFileReference; fileEncoding = 4; lastKnownFileType = sourcecode.c.h; path = PackageViewController.h; sourceTree = "<group>"; };
		CDD0FE76192AF55E000B7B26 /* PackageViewController.m */ = {isa = PBXFileReference; fileEncoding = 4; lastKnownFileType = sourcecode.c.objc; path = PackageViewController.m; sourceTree = "<group>"; };
		CDD8E4B41922E9E60095247B /* farm.app */ = {isa = PBXFileReference; explicitFileType = wrapper.application; includeInIndex = 0; path = farm.app; sourceTree = BUILT_PRODUCTS_DIR; };
		CDD8E4B71922E9E60095247B /* Foundation.framework */ = {isa = PBXFileReference; lastKnownFileType = wrapper.framework; name = Foundation.framework; path = System/Library/Frameworks/Foundation.framework; sourceTree = SDKROOT; };
		CDD8E4B91922E9E60095247B /* CoreGraphics.framework */ = {isa = PBXFileReference; lastKnownFileType = wrapper.framework; name = CoreGraphics.framework; path = System/Library/Frameworks/CoreGraphics.framework; sourceTree = SDKROOT; };
		CDD8E4BB1922E9E60095247B /* UIKit.framework */ = {isa = PBXFileReference; lastKnownFileType = wrapper.framework; name = UIKit.framework; path = System/Library/Frameworks/UIKit.framework; sourceTree = SDKROOT; };
		CDD8E4BF1922E9E60095247B /* farm-Info.plist */ = {isa = PBXFileReference; lastKnownFileType = text.plist.xml; path = "farm-Info.plist"; sourceTree = "<group>"; };
		CDD8E4C11922E9E60095247B /* en */ = {isa = PBXFileReference; lastKnownFileType = text.plist.strings; name = en; path = en.lproj/InfoPlist.strings; sourceTree = "<group>"; };
		CDD8E4C31922E9E60095247B /* main.m */ = {isa = PBXFileReference; lastKnownFileType = sourcecode.c.objc; path = main.m; sourceTree = "<group>"; };
		CDD8E4C51922E9E60095247B /* farm-Prefix.pch */ = {isa = PBXFileReference; lastKnownFileType = sourcecode.c.h; path = "farm-Prefix.pch"; sourceTree = "<group>"; };
		CDD8E4C61922E9E60095247B /* AppDelegate.h */ = {isa = PBXFileReference; lastKnownFileType = sourcecode.c.h; path = AppDelegate.h; sourceTree = "<group>"; };
		CDD8E4C71922E9E60095247B /* AppDelegate.m */ = {isa = PBXFileReference; lastKnownFileType = sourcecode.c.objc; path = AppDelegate.m; sourceTree = "<group>"; };
		CDD8E4CA1922E9E60095247B /* Base */ = {isa = PBXFileReference; lastKnownFileType = file.storyboard; name = Base; path = Base.lproj/Main_iPhone.storyboard; sourceTree = "<group>"; };
		CDD8E4CD1922E9E60095247B /* Base */ = {isa = PBXFileReference; lastKnownFileType = file.storyboard; name = Base; path = Base.lproj/Main_iPad.storyboard; sourceTree = "<group>"; };
		CDD8E4CF1922E9E60095247B /* ViewController.h */ = {isa = PBXFileReference; lastKnownFileType = sourcecode.c.h; path = ViewController.h; sourceTree = "<group>"; };
		CDD8E4D01922E9E60095247B /* ViewController.m */ = {isa = PBXFileReference; lastKnownFileType = sourcecode.c.objc; path = ViewController.m; sourceTree = "<group>"; };
		CDD8E4D21922E9E60095247B /* Images.xcassets */ = {isa = PBXFileReference; lastKnownFileType = folder.assetcatalog; path = Images.xcassets; sourceTree = "<group>"; };
		CDD8E4D81922E9E60095247B /* farmTests.xctest */ = {isa = PBXFileReference; explicitFileType = wrapper.cfbundle; includeInIndex = 0; path = farmTests.xctest; sourceTree = BUILT_PRODUCTS_DIR; };
		CDD8E4D91922E9E60095247B /* XCTest.framework */ = {isa = PBXFileReference; lastKnownFileType = wrapper.framework; name = XCTest.framework; path = Library/Frameworks/XCTest.framework; sourceTree = DEVELOPER_DIR; };
		CDD8E4E11922E9E60095247B /* farmTests-Info.plist */ = {isa = PBXFileReference; lastKnownFileType = text.plist.xml; path = "farmTests-Info.plist"; sourceTree = "<group>"; };
		CDD8E4E31922E9E60095247B /* en */ = {isa = PBXFileReference; lastKnownFileType = text.plist.strings; name = en; path = en.lproj/InfoPlist.strings; sourceTree = "<group>"; };
		CDD8E4E51922E9E60095247B /* farmTests.m */ = {isa = PBXFileReference; lastKnownFileType = sourcecode.c.objc; path = farmTests.m; sourceTree = "<group>"; };
		CDD8E4F31922EA580095247B /* SideMenuViewController.h */ = {isa = PBXFileReference; fileEncoding = 4; lastKnownFileType = sourcecode.c.h; path = SideMenuViewController.h; sourceTree = "<group>"; };
		CDD8E4F41922EA580095247B /* SideMenuViewController.m */ = {isa = PBXFileReference; fileEncoding = 4; lastKnownFileType = sourcecode.c.objc; path = SideMenuViewController.m; sourceTree = "<group>"; };
		CDD8E4F61922EF9F0095247B /* SWRevealViewController.h */ = {isa = PBXFileReference; fileEncoding = 4; lastKnownFileType = sourcecode.c.h; name = SWRevealViewController.h; path = ../../../ios/SWRevealViewController/SWRevealViewController/SWRevealViewController.h; sourceTree = "<group>"; };
		CDD8E4F71922EF9F0095247B /* SWRevealViewController.m */ = {isa = PBXFileReference; fileEncoding = 4; lastKnownFileType = sourcecode.c.objc; name = SWRevealViewController.m; path = ../../../ios/SWRevealViewController/SWRevealViewController/SWRevealViewController.m; sourceTree = "<group>"; };
		CDD8E4F91922F3540095247B /* BaseViewController.h */ = {isa = PBXFileReference; fileEncoding = 4; lastKnownFileType = sourcecode.c.h; path = BaseViewController.h; sourceTree = "<group>"; };
		CDD8E4FA1922F3540095247B /* BaseViewController.m */ = {isa = PBXFileReference; fileEncoding = 4; lastKnownFileType = sourcecode.c.objc; path = BaseViewController.m; sourceTree = "<group>"; };
		CDD8E4FC1922F35D0095247B /* TodosViewController.h */ = {isa = PBXFileReference; fileEncoding = 4; lastKnownFileType = sourcecode.c.h; path = TodosViewController.h; sourceTree = "<group>"; };
		CDD8E4FD1922F35D0095247B /* TodosViewController.m */ = {isa = PBXFileReference; fileEncoding = 4; lastKnownFileType = sourcecode.c.objc; path = TodosViewController.m; sourceTree = "<group>"; };
		CDDF5F11192C697000D8B9CC /* addressSelect.html */ = {isa = PBXFileReference; fileEncoding = 4; lastKnownFileType = text.html; name = addressSelect.html; path = farm/addressSelect.html; sourceTree = "<group>"; };
		CDDF5F13192C76C800D8B9CC /* MyCenterViewController.h */ = {isa = PBXFileReference; fileEncoding = 4; lastKnownFileType = sourcecode.c.h; path = MyCenterViewController.h; sourceTree = "<group>"; };
		CDDF5F14192C76C800D8B9CC /* MyCenterViewController.m */ = {isa = PBXFileReference; fileEncoding = 4; lastKnownFileType = sourcecode.c.objc; path = MyCenterViewController.m; sourceTree = "<group>"; };
		CDDF5F16192C7D5A00D8B9CC /* centerTopImage.png */ = {isa = PBXFileReference; lastKnownFileType = image.png; path = centerTopImage.png; sourceTree = "<group>"; };
		CDDF5F17192C7D5A00D8B9CC /* centerTopImage@2x.png */ = {isa = PBXFileReference; lastKnownFileType = image.png; path = "centerTopImage@2x.png"; sourceTree = "<group>"; };
		CDDF5F1A192C82A000D8B9CC /* 关注他.png */ = {isa = PBXFileReference; lastKnownFileType = image.png; path = "关注他.png"; sourceTree = "<group>"; };
		CDDF5F1B192C82A000D8B9CC /* 关注他@2x.png */ = {isa = PBXFileReference; lastKnownFileType = image.png; path = "关注他@2x.png"; sourceTree = "<group>"; };
		CDDF5F1C192C82A000D8B9CC /* 在关注.png */ = {isa = PBXFileReference; lastKnownFileType = image.png; path = "在关注.png"; sourceTree = "<group>"; };
		CDDF5F1D192C82A000D8B9CC /* 在关注@2x.png */ = {isa = PBXFileReference; lastKnownFileType = image.png; path = "在关注@2x.png"; sourceTree = "<group>"; };
		CDDF5F22192C82FC00D8B9CC /* 赞.png */ = {isa = PBXFileReference; lastKnownFileType = image.png; path = "赞.png"; sourceTree = "<group>"; };
		CDDF5F23192C82FC00D8B9CC /* 赞@2x.png */ = {isa = PBXFileReference; lastKnownFileType = image.png; path = "赞@2x.png"; sourceTree = "<group>"; };
		CDDF5F26192C882100D8B9CC /* tmp_小厨选项.png */ = {isa = PBXFileReference; lastKnownFileType = image.png; path = "tmp_小厨选项.png"; sourceTree = "<group>"; };
		CDDF5F27192C882100D8B9CC /* tmp_小厨选项@2x.png */ = {isa = PBXFileReference; lastKnownFileType = image.png; path = "tmp_小厨选项@2x.png"; sourceTree = "<group>"; };
		CDDF5F2A192C897800D8B9CC /* iconShopcart.png */ = {isa = PBXFileReference; lastKnownFileType = image.png; path = iconShopcart.png; sourceTree = "<group>"; };
		CDDF5F2B192C897800D8B9CC /* iconShopcart@2x.png */ = {isa = PBXFileReference; lastKnownFileType = image.png; path = "iconShopcart@2x.png"; sourceTree = "<group>"; };
		CDDF5F2E192C8A5500D8B9CC /* iconMenu@2x.png */ = {isa = PBXFileReference; lastKnownFileType = image.png; path = "iconMenu@2x.png"; sourceTree = "<group>"; };
		CDDF5F31192CB4BD00D8B9CC /* Config.h */ = {isa = PBXFileReference; fileEncoding = 4; lastKnownFileType = sourcecode.c.h; path = Config.h; sourceTree = "<group>"; };
		CDDF5F32192CB4BD00D8B9CC /* Config.m */ = {isa = PBXFileReference; fileEncoding = 4; lastKnownFileType = sourcecode.c.objc; path = Config.m; sourceTree = "<group>"; };
		CDE7907A19245AA1007996AB /* www */ = {isa = PBXFileReference; lastKnownFileType = folder; name = www; path = farm/www; sourceTree = "<group>"; };
		CDE7907F192466BB007996AB /* todos.html */ = {isa = PBXFileReference; fileEncoding = 4; lastKnownFileType = text.html; name = todos.html; path = farm/todos.html; sourceTree = "<group>"; };
		CDE7908319246927007996AB /* ReservationViewController.h */ = {isa = PBXFileReference; fileEncoding = 4; lastKnownFileType = sourcecode.c.h; path = ReservationViewController.h; sourceTree = "<group>"; };
		CDE7908419246928007996AB /* ReservationViewController.m */ = {isa = PBXFileReference; fileEncoding = 4; lastKnownFileType = sourcecode.c.objc; path = ReservationViewController.m; sourceTree = "<group>"; };
/* End PBXFileReference section */

/* Begin PBXFrameworksBuildPhase section */
		CDD8E4B11922E9E60095247B /* Frameworks */ = {
			isa = PBXFrameworksBuildPhase;
			buildActionMask = 2147483647;
			files = (
				CDD8E4BA1922E9E60095247B /* CoreGraphics.framework in Frameworks */,
				CDD8E4BC1922E9E60095247B /* UIKit.framework in Frameworks */,
				CDD8E4B81922E9E60095247B /* Foundation.framework in Frameworks */,
			);
			runOnlyForDeploymentPostprocessing = 0;
		};
		CDD8E4D51922E9E60095247B /* Frameworks */ = {
			isa = PBXFrameworksBuildPhase;
			buildActionMask = 2147483647;
			files = (
				CDD8E4DA1922E9E60095247B /* XCTest.framework in Frameworks */,
				CDD8E4DC1922E9E60095247B /* UIKit.framework in Frameworks */,
				CDD8E4DB1922E9E60095247B /* Foundation.framework in Frameworks */,
			);
			runOnlyForDeploymentPostprocessing = 0;
		};
/* End PBXFrameworksBuildPhase section */

/* Begin PBXGroup section */
		CD4956DE192CEDE000C9E90F /* test */ = {
			isa = PBXGroup;
			children = (
				CD4956DF192CEDF700C9E90F /* ButtonGroupViewController.h */,
				CD4956E0192CEDF700C9E90F /* ButtonGroupViewController.m */,
			);
			name = test;
			sourceTree = "<group>";
		};
		CD52AA701928219C00367197 /* res */ = {
			isa = PBXGroup;
			children = (
				CD4956E2192CEEEC00C9E90F /* buttonGroupSelected.png */,
				CD4956E3192CEEEC00C9E90F /* buttonGroupSelected@2x.png */,
				CD4956EA192CEF8300C9E90F /* buttonGroupNormal.png */,
				CD4956EB192CEF8300C9E90F /* buttonGroupNormal@2x.png */,
				CDDF5F22192C82FC00D8B9CC /* 赞.png */,
				CDDF5F23192C82FC00D8B9CC /* 赞@2x.png */,
				CDDF5F1A192C82A000D8B9CC /* 关注他.png */,
				CDDF5F1B192C82A000D8B9CC /* 关注他@2x.png */,
				CDDF5F1C192C82A000D8B9CC /* 在关注.png */,
				CDDF5F1D192C82A000D8B9CC /* 在关注@2x.png */,
				CD8031AF192C482400AC7D4D /* loginBtn.png */,
				CD8031B0192C482400AC7D4D /* loginBtn@2x.png */,
				CD803198192BA86400AC7D4D /* Default.png */,
				CD80319A192BA8E000AC7D4D /* Default@2x.png */,
				CD4B5C00192B207200F4CE33 /* iconMenu.png */,
				CDDF5F2E192C8A5500D8B9CC /* iconMenu@2x.png */,
				CD4B5BF6192B1E9F00F4CE33 /* iconCookbook.png */,
				CD4B5BF7192B1E9F00F4CE33 /* iconHome.png */,
				CD4B5BF8192B1E9F00F4CE33 /* iconMyfarm.png */,
				CD4B5BF9192B1E9F00F4CE33 /* iconReservation.png */,
				CD4B5BFA192B1E9F00F4CE33 /* iconSettings.png */,
				CDDF5F2A192C897800D8B9CC /* iconShopcart.png */,
				CDDF5F2B192C897800D8B9CC /* iconShopcart@2x.png */,
				CD4B5BF2192B106500F4CE33 /* navbar.png */,
				CD4B5BF3192B106500F4CE33 /* navbar@2x.png */,
				CD4B5BEE192B0E5800F4CE33 /* sidemenuBg.png */,
				CD4B5BEF192B0E5800F4CE33 /* sidemenuBg@2x.png */,
				CD4B5C06192B277100F4CE33 /* sideLogo.png */,
				CD52AA73192822A200367197 /* viewBackground.png */,
				CD52AA74192822A200367197 /* viewBackground@2x.png */,
				CD52AA79192827D300367197 /* toPayBtn.png */,
				CD52AA771928264300367197 /* order-background.png */,
				CD4B5BE7192B0B0600F4CE33 /* whiteBg.png */,
				CD4B5BE8192B0B0600F4CE33 /* whiteBg@2x.png */,
				CD4B5C04192B246300F4CE33 /* 冬青黑体W3.otf */,
				CD4B5C08192B2A6B00F4CE33 /* tmp_package.png */,
				CD4B5C0A192B307200F4CE33 /* shopcart.png */,
				CD803194192B7AEC00AC7D4D /* backButton.png */,
				CD803195192B7AEC00AC7D4D /* backButton@2x.png */,
				CD80319C192C353B00AC7D4D /* splash.png */,
				CD80319D192C353B00AC7D4D /* splash@2x.png */,
				CD8031A3192C3C2D00AC7D4D /* signinBG.png */,
				CD8031A4192C3C2D00AC7D4D /* signinBG@2x.png */,
				CD8031A7192C3D5100AC7D4D /* tmp_login.png */,
				CD8031A8192C3D5100AC7D4D /* tmp_login@2x.png */,
				CD03BE8A192D9D8F000979DF /* tmp_cblist.png */,
				CD03BE8B192D9D8F000979DF /* tmp_cblist@2px.png */,
				CD8031B3192C5FA100AC7D4D /* addressBtn.png */,
				CD8031B4192C5FA100AC7D4D /* addressBtn@2x.png */,
				CDDF5F16192C7D5A00D8B9CC /* centerTopImage.png */,
				CDDF5F17192C7D5A00D8B9CC /* centerTopImage@2x.png */,
				CDDF5F26192C882100D8B9CC /* tmp_小厨选项.png */,
				CDDF5F27192C882100D8B9CC /* tmp_小厨选项@2x.png */,
			);
			name = res;
			path = farm/res;
			sourceTree = "<group>";
		};
		CD8031AB192C439E00AC7D4D /* view */ = {
			isa = PBXGroup;
			children = (
				CD8031AC192C43B400AC7D4D /* ZTextFiled.h */,
				CD8031AD192C43B400AC7D4D /* ZTextFiled.m */,
				CD4956EE192CF51D00C9E90F /* ZButtonGroupItem.h */,
				CD4956EF192CF51D00C9E90F /* ZButtonGroupItem.m */,
			);
			name = view;
			sourceTree = "<group>";
		};
		CDD8E4AB1922E9E60095247B = {
			isa = PBXGroup;
			children = (
				CD52AA701928219C00367197 /* res */,
				CDE7907C19246671007996AB /* pages */,
				CDE7907A19245AA1007996AB /* www */,
				CDD8E4EF1922EA060095247B /* library */,
				CDD8E4BD1922E9E60095247B /* farm */,
				CDD8E4DF1922E9E60095247B /* farmTests */,
				CDD8E4B61922E9E60095247B /* Frameworks */,
				CDD8E4B51922E9E60095247B /* Products */,
			);
			sourceTree = "<group>";
		};
		CDD8E4B51922E9E60095247B /* Products */ = {
			isa = PBXGroup;
			children = (
				CDD8E4B41922E9E60095247B /* farm.app */,
				CDD8E4D81922E9E60095247B /* farmTests.xctest */,
			);
			name = Products;
			sourceTree = "<group>";
		};
		CDD8E4B61922E9E60095247B /* Frameworks */ = {
			isa = PBXGroup;
			children = (
				CDD8E4B71922E9E60095247B /* Foundation.framework */,
				CDD8E4B91922E9E60095247B /* CoreGraphics.framework */,
				CDD8E4BB1922E9E60095247B /* UIKit.framework */,
				CDD8E4D91922E9E60095247B /* XCTest.framework */,
			);
			name = Frameworks;
			sourceTree = "<group>";
		};
		CDD8E4BD1922E9E60095247B /* farm */ = {
			isa = PBXGroup;
			children = (
				CD4956DE192CEDE000C9E90F /* test */,
				CDDF5F30192CB4AC00D8B9CC /* config */,
				CD8031AB192C439E00AC7D4D /* view */,
				CDD8E4C61922E9E60095247B /* AppDelegate.h */,
				CDD8E4C71922E9E60095247B /* AppDelegate.m */,
				CD52AA6D1927660C00367197 /* OrderDetailViewController.h */,
				CD52AA6E1927660C00367197 /* OrderDetailViewController.m */,
				CDE7908319246927007996AB /* ReservationViewController.h */,
				CDE7908419246928007996AB /* ReservationViewController.m */,
				CDD8E4F31922EA580095247B /* SideMenuViewController.h */,
				CDD8E4F41922EA580095247B /* SideMenuViewController.m */,
				CDD8E4F91922F3540095247B /* BaseViewController.h */,
				CDD8E4FA1922F3540095247B /* BaseViewController.m */,
				CDD8E4FC1922F35D0095247B /* TodosViewController.h */,
				CDD8E4FD1922F35D0095247B /* TodosViewController.m */,
				CDD8E4C91922E9E60095247B /* Main_iPhone.storyboard */,
				CDD8E4CC1922E9E60095247B /* Main_iPad.storyboard */,
				CDD8E4CF1922E9E60095247B /* ViewController.h */,
				CDD8E4D01922E9E60095247B /* ViewController.m */,
				CD52AA7B192829E900367197 /* MyFarmViewController.h */,
				CD52AA7C192829E900367197 /* MyFarmViewController.m */,
				CDD8E4D21922E9E60095247B /* Images.xcassets */,
				CDD8E4BE1922E9E60095247B /* Supporting Files */,
				CD52AA801928C3D200367197 /* PeiyushixiangViewController.h */,
				CD52AA811928C3D200367197 /* PeiyushixiangViewController.m */,
				CDD0FE6B192AE507000B7B26 /* CookbookViewController.h */,
				CDD0FE6C192AE507000B7B26 /* CookbookViewController.m */,
				CDD0FE70192AE831000B7B26 /* CookbookDetailViewController.h */,
				CDD0FE71192AE831000B7B26 /* CookbookDetailViewController.m */,
				CDD0FE75192AF55E000B7B26 /* PackageViewController.h */,
				CDD0FE76192AF55E000B7B26 /* PackageViewController.m */,
				CD4B5BE4192B0A3E00F4CE33 /* SettingsViewController.h */,
				CD4B5BE5192B0A3E00F4CE33 /* SettingsViewController.m */,
				CD4B5BEB192B0B3100F4CE33 /* WhiteBaseViewController.h */,
				CD4B5BEC192B0B3100F4CE33 /* WhiteBaseViewController.m */,
				CD4B5C0C192B309700F4CE33 /* PackageDetailViewController.h */,
				CD4B5C0D192B309700F4CE33 /* PackageDetailViewController.m */,
				CD8031A0192C3AB800AC7D4D /* SignInViewController.h */,
				CD8031A1192C3AB800AC7D4D /* SignInViewController.m */,
				CD8031B7192C60CB00AC7D4D /* AddressSelectViewController.h */,
				CD8031B8192C60CB00AC7D4D /* AddressSelectViewController.m */,
				CDDF5F13192C76C800D8B9CC /* MyCenterViewController.h */,
				CDDF5F14192C76C800D8B9CC /* MyCenterViewController.m */,
			);
			path = farm;
			sourceTree = "<group>";
		};
		CDD8E4BE1922E9E60095247B /* Supporting Files */ = {
			isa = PBXGroup;
			children = (
				CDD8E4BF1922E9E60095247B /* farm-Info.plist */,
				CDD8E4C01922E9E60095247B /* InfoPlist.strings */,
				CDD8E4C31922E9E60095247B /* main.m */,
				CDD8E4C51922E9E60095247B /* farm-Prefix.pch */,
			);
			name = "Supporting Files";
			sourceTree = "<group>";
		};
		CDD8E4DF1922E9E60095247B /* farmTests */ = {
			isa = PBXGroup;
			children = (
				CDD8E4E51922E9E60095247B /* farmTests.m */,
				CDD8E4E01922E9E60095247B /* Supporting Files */,
			);
			path = farmTests;
			sourceTree = "<group>";
		};
		CDD8E4E01922E9E60095247B /* Supporting Files */ = {
			isa = PBXGroup;
			children = (
				CDD8E4E11922E9E60095247B /* farmTests-Info.plist */,
				CDD8E4E21922E9E60095247B /* InfoPlist.strings */,
			);
			name = "Supporting Files";
			sourceTree = "<group>";
		};
		CDD8E4EF1922EA060095247B /* library */ = {
			isa = PBXGroup;
			children = (
				CDD8E4F61922EF9F0095247B /* SWRevealViewController.h */,
				CDD8E4F71922EF9F0095247B /* SWRevealViewController.m */,
			);
			name = library;
			sourceTree = "<group>";
		};
		CDDF5F30192CB4AC00D8B9CC /* config */ = {
			isa = PBXGroup;
			children = (
				CDDF5F31192CB4BD00D8B9CC /* Config.h */,
				CDDF5F32192CB4BD00D8B9CC /* Config.m */,
			);
			name = config;
			sourceTree = "<group>";
		};
		CDE7907C19246671007996AB /* pages */ = {
			isa = PBXGroup;
			children = (
				CDDF5F11192C697000D8B9CC /* addressSelect.html */,
				CDE7907F192466BB007996AB /* todos.html */,
				CD52AA83192A361900367197 /* peiyushixiang.html */,
				CD52AA7E1928624A00367197 /* myfarm.html */,
				CD4956DC192CD09000C9E90F /* reservation.html */,
				CDD0FE6E192AE755000B7B26 /* cookbook.html */,
				CDD0FE73192AE883000B7B26 /* cookbook-detail.html */,
			);
			name = pages;
			sourceTree = "<group>";
		};
/* End PBXGroup section */

/* Begin PBXNativeTarget section */
		CDD8E4B31922E9E60095247B /* farm */ = {
			isa = PBXNativeTarget;
			buildConfigurationList = CDD8E4E91922E9E60095247B /* Build configuration list for PBXNativeTarget "farm" */;
			buildPhases = (
				CDD8E4B01922E9E60095247B /* Sources */,
				CDD8E4B11922E9E60095247B /* Frameworks */,
				CDD8E4B21922E9E60095247B /* Resources */,
			);
			buildRules = (
			);
			dependencies = (
			);
			name = farm;
			productName = farm;
			productReference = CDD8E4B41922E9E60095247B /* farm.app */;
			productType = "com.apple.product-type.application";
		};
		CDD8E4D71922E9E60095247B /* farmTests */ = {
			isa = PBXNativeTarget;
			buildConfigurationList = CDD8E4EC1922E9E60095247B /* Build configuration list for PBXNativeTarget "farmTests" */;
			buildPhases = (
				CDD8E4D41922E9E60095247B /* Sources */,
				CDD8E4D51922E9E60095247B /* Frameworks */,
				CDD8E4D61922E9E60095247B /* Resources */,
			);
			buildRules = (
			);
			dependencies = (
				CDD8E4DE1922E9E60095247B /* PBXTargetDependency */,
			);
			name = farmTests;
			productName = farmTests;
			productReference = CDD8E4D81922E9E60095247B /* farmTests.xctest */;
			productType = "com.apple.product-type.bundle.unit-test";
		};
/* End PBXNativeTarget section */

/* Begin PBXProject section */
		CDD8E4AC1922E9E60095247B /* Project object */ = {
			isa = PBXProject;
			attributes = {
				LastUpgradeCheck = 0510;
				ORGANIZATIONNAME = mrcoder;
				TargetAttributes = {
					CDD8E4B31922E9E60095247B = {
						DevelopmentTeam = GAE37QQXXQ;
					};
					CDD8E4D71922E9E60095247B = {
						TestTargetID = CDD8E4B31922E9E60095247B;
					};
				};
			};
			buildConfigurationList = CDD8E4AF1922E9E60095247B /* Build configuration list for PBXProject "farm" */;
			compatibilityVersion = "Xcode 3.2";
			developmentRegion = English;
			hasScannedForEncodings = 0;
			knownRegions = (
				en,
				Base,
			);
			mainGroup = CDD8E4AB1922E9E60095247B;
			productRefGroup = CDD8E4B51922E9E60095247B /* Products */;
			projectDirPath = "";
			projectRoot = "";
			targets = (
				CDD8E4B31922E9E60095247B /* farm */,
				CDD8E4D71922E9E60095247B /* farmTests */,
			);
		};
/* End PBXProject section */

/* Begin PBXResourcesBuildPhase section */
		CDD8E4B21922E9E60095247B /* Resources */ = {
			isa = PBXResourcesBuildPhase;
			buildActionMask = 2147483647;
			files = (
				CD03BE8D192D9D8F000979DF /* tmp_cblist@2px.png in Resources */,
				CD4B5C05192B249400F4CE33 /* 冬青黑体W3.otf in Resources */,
				CD4B5C01192B207200F4CE33 /* iconMenu.png in Resources */,
				CD4956ED192CEF8300C9E90F /* buttonGroupNormal@2x.png in Resources */,
				CD8031A6192C3C2D00AC7D4D /* signinBG@2x.png in Resources */,
				CDDF5F2D192C897800D8B9CC /* iconShopcart@2x.png in Resources */,
				CD4B5C09192B2A6B00F4CE33 /* tmp_package.png in Resources */,
				CDDF5F28192C882100D8B9CC /* tmp_小厨选项.png in Resources */,
				CD4B5C0B192B307200F4CE33 /* shopcart.png in Resources */,
				CD52AA76192822A200367197 /* viewBackground@2x.png in Resources */,
				CD8031B6192C5FA100AC7D4D /* addressBtn@2x.png in Resources */,
				CDDF5F12192C697000D8B9CC /* addressSelect.html in Resources */,
				CDDF5F1F192C82A000D8B9CC /* 关注他@2x.png in Resources */,
				CDDF5F19192C7D5A00D8B9CC /* centerTopImage@2x.png in Resources */,
				CD4956E6192CEEEC00C9E90F /* buttonGroupSelected.png in Resources */,
				CDD8E4CE1922E9E60095247B /* Main_iPad.storyboard in Resources */,
				CD8031B1192C482400AC7D4D /* loginBtn.png in Resources */,
				CD803199192BA86400AC7D4D /* Default.png in Resources */,
				CDDF5F21192C82A000D8B9CC /* 在关注@2x.png in Resources */,
				CD8031A9192C3D5100AC7D4D /* tmp_login.png in Resources */,
				CD8031A5192C3C2D00AC7D4D /* signinBG.png in Resources */,
				CD4B5BFB192B1E9F00F4CE33 /* iconCookbook.png in Resources */,
				CDD0FE74192AE883000B7B26 /* cookbook-detail.html in Resources */,
				CDDF5F1E192C82A000D8B9CC /* 关注他.png in Resources */,
				CDD8E4D31922E9E60095247B /* Images.xcassets in Resources */,
				CD80319F192C353B00AC7D4D /* splash@2x.png in Resources */,
				CDD8E4CB1922E9E60095247B /* Main_iPhone.storyboard in Resources */,
				CD80319B192BA8E000AC7D4D /* Default@2x.png in Resources */,
				CD52AA84192A361900367197 /* peiyushixiang.html in Resources */,
				CDDF5F25192C82FC00D8B9CC /* 赞@2x.png in Resources */,
				CD4B5BFE192B1E9F00F4CE33 /* iconReservation.png in Resources */,
				CDE7907B19245AA1007996AB /* www in Resources */,
				CDDF5F29192C882100D8B9CC /* tmp_小厨选项@2x.png in Resources */,
				CD80319E192C353B00AC7D4D /* splash.png in Resources */,
				CDDF5F20192C82A000D8B9CC /* 在关注.png in Resources */,
				CD8031B2192C482400AC7D4D /* loginBtn@2x.png in Resources */,
				CD8031B5192C5FA100AC7D4D /* addressBtn.png in Resources */,
				CD803196192B7AEC00AC7D4D /* backButton.png in Resources */,
				CD4B5BE9192B0B0600F4CE33 /* whiteBg.png in Resources */,
				CDD0FE6F192AE755000B7B26 /* cookbook.html in Resources */,
				CD4B5BF1192B0E5800F4CE33 /* sidemenuBg@2x.png in Resources */,
				CD4B5C07192B277100F4CE33 /* sideLogo.png in Resources */,
				CDDF5F2C192C897800D8B9CC /* iconShopcart.png in Resources */,
				CD52AA7F1928624A00367197 /* myfarm.html in Resources */,
				CD52AA781928264300367197 /* order-background.png in Resources */,
				CD4B5BFD192B1E9F00F4CE33 /* iconMyfarm.png in Resources */,
				CD4956DD192CD09000C9E90F /* reservation.html in Resources */,
				CD8031AA192C3D5100AC7D4D /* tmp_login@2x.png in Resources */,
				CD4B5BEA192B0B0600F4CE33 /* whiteBg@2x.png in Resources */,
				CD4B5BFC192B1E9F00F4CE33 /* iconHome.png in Resources */,
				CD4956EC192CEF8300C9E90F /* buttonGroupNormal.png in Resources */,
				CD4B5BF5192B106500F4CE33 /* navbar@2x.png in Resources */,
				CD52AA75192822A200367197 /* viewBackground.png in Resources */,
				CD03BE8C192D9D8F000979DF /* tmp_cblist.png in Resources */,
				CD4B5BF4192B106500F4CE33 /* navbar.png in Resources */,
				CDD8E4C21922E9E60095247B /* InfoPlist.strings in Resources */,
				CD803197192B7AEC00AC7D4D /* backButton@2x.png in Resources */,
				CDE79080192466BB007996AB /* todos.html in Resources */,
				CD4B5BF0192B0E5800F4CE33 /* sidemenuBg.png in Resources */,
				CD4956E7192CEEEC00C9E90F /* buttonGroupSelected@2x.png in Resources */,
				CDDF5F24192C82FC00D8B9CC /* 赞.png in Resources */,
				CDDF5F18192C7D5A00D8B9CC /* centerTopImage.png in Resources */,
				CDDF5F2F192C8A5500D8B9CC /* iconMenu@2x.png in Resources */,
				CD52AA7A192827D300367197 /* toPayBtn.png in Resources */,
				CD4B5BFF192B1E9F00F4CE33 /* iconSettings.png in Resources */,
			);
			runOnlyForDeploymentPostprocessing = 0;
		};
		CDD8E4D61922E9E60095247B /* Resources */ = {
			isa = PBXResourcesBuildPhase;
			buildActionMask = 2147483647;
			files = (
				CDD8E4E41922E9E60095247B /* InfoPlist.strings in Resources */,
			);
			runOnlyForDeploymentPostprocessing = 0;
		};
/* End PBXResourcesBuildPhase section */

/* Begin PBXSourcesBuildPhase section */
		CDD8E4B01922E9E60095247B /* Sources */ = {
			isa = PBXSourcesBuildPhase;
			buildActionMask = 2147483647;
			files = (
				CD4B5C0E192B309700F4CE33 /* PackageDetailViewController.m in Sources */,
				CDD8E4F51922EA580095247B /* SideMenuViewController.m in Sources */,
				CDD8E4FB1922F3540095247B /* BaseViewController.m in Sources */,
				CDD8E4D11922E9E60095247B /* ViewController.m in Sources */,
				CDDF5F15192C76C800D8B9CC /* MyCenterViewController.m in Sources */,
				CD52AA6F1927660C00367197 /* OrderDetailViewController.m in Sources */,
				CD52AA7D192829E900367197 /* MyFarmViewController.m in Sources */,
				CDD8E4FE1922F35D0095247B /* TodosViewController.m in Sources */,
				CDD8E4F81922EF9F0095247B /* SWRevealViewController.m in Sources */,
				CD52AA821928C3D200367197 /* PeiyushixiangViewController.m in Sources */,
				CDD8E4C81922E9E60095247B /* AppDelegate.m in Sources */,
				CDD0FE72192AE831000B7B26 /* CookbookDetailViewController.m in Sources */,
				CD8031AE192C43B400AC7D4D /* ZTextFiled.m in Sources */,
				CDD0FE6D192AE507000B7B26 /* CookbookViewController.m in Sources */,
				CD8031B9192C60CB00AC7D4D /* AddressSelectViewController.m in Sources */,
				CD4956F0192CF51D00C9E90F /* ZButtonGroupItem.m in Sources */,
				CDD8E4C41922E9E60095247B /* main.m in Sources */,
				CD4B5BE6192B0A3E00F4CE33 /* SettingsViewController.m in Sources */,
				CDE7908519246928007996AB /* ReservationViewController.m in Sources */,
				CD4956E1192CEDF700C9E90F /* ButtonGroupViewController.m in Sources */,
				CDD0FE77192AF55E000B7B26 /* PackageViewController.m in Sources */,
				CDDF5F33192CB4BD00D8B9CC /* Config.m in Sources */,
				CD8031A2192C3AB800AC7D4D /* SignInViewController.m in Sources */,
				CD4B5BED192B0B3100F4CE33 /* WhiteBaseViewController.m in Sources */,
			);
			runOnlyForDeploymentPostprocessing = 0;
		};
		CDD8E4D41922E9E60095247B /* Sources */ = {
			isa = PBXSourcesBuildPhase;
			buildActionMask = 2147483647;
			files = (
				CDD8E4E61922E9E60095247B /* farmTests.m in Sources */,
			);
			runOnlyForDeploymentPostprocessing = 0;
		};
/* End PBXSourcesBuildPhase section */

/* Begin PBXTargetDependency section */
		CDD8E4DE1922E9E60095247B /* PBXTargetDependency */ = {
			isa = PBXTargetDependency;
			target = CDD8E4B31922E9E60095247B /* farm */;
			targetProxy = CDD8E4DD1922E9E60095247B /* PBXContainerItemProxy */;
		};
/* End PBXTargetDependency section */

/* Begin PBXVariantGroup section */
		CDD8E4C01922E9E60095247B /* InfoPlist.strings */ = {
			isa = PBXVariantGroup;
			children = (
				CDD8E4C11922E9E60095247B /* en */,
			);
			name = InfoPlist.strings;
			sourceTree = "<group>";
		};
		CDD8E4C91922E9E60095247B /* Main_iPhone.storyboard */ = {
			isa = PBXVariantGroup;
			children = (
				CDD8E4CA1922E9E60095247B /* Base */,
			);
			name = Main_iPhone.storyboard;
			sourceTree = "<group>";
		};
		CDD8E4CC1922E9E60095247B /* Main_iPad.storyboard */ = {
			isa = PBXVariantGroup;
			children = (
				CDD8E4CD1922E9E60095247B /* Base */,
			);
			name = Main_iPad.storyboard;
			sourceTree = "<group>";
		};
		CDD8E4E21922E9E60095247B /* InfoPlist.strings */ = {
			isa = PBXVariantGroup;
			children = (
				CDD8E4E31922E9E60095247B /* en */,
			);
			name = InfoPlist.strings;
			sourceTree = "<group>";
		};
/* End PBXVariantGroup section */

/* Begin XCBuildConfiguration section */
		CDD8E4E71922E9E60095247B /* Debug */ = {
			isa = XCBuildConfiguration;
			buildSettings = {
				ALWAYS_SEARCH_USER_PATHS = NO;
				CLANG_CXX_LANGUAGE_STANDARD = "gnu++0x";
				CLANG_CXX_LIBRARY = "libc++";
				CLANG_ENABLE_MODULES = YES;
				CLANG_ENABLE_OBJC_ARC = YES;
				CLANG_WARN_BOOL_CONVERSION = YES;
				CLANG_WARN_CONSTANT_CONVERSION = YES;
				CLANG_WARN_DIRECT_OBJC_ISA_USAGE = YES_ERROR;
				CLANG_WARN_EMPTY_BODY = YES;
				CLANG_WARN_ENUM_CONVERSION = YES;
				CLANG_WARN_INT_CONVERSION = YES;
				CLANG_WARN_OBJC_ROOT_CLASS = YES_ERROR;
				CLANG_WARN__DUPLICATE_METHOD_MATCH = YES;
				"CODE_SIGN_IDENTITY[sdk=iphoneos*]" = "iPhone Developer";
				COPY_PHASE_STRIP = NO;
				GCC_C_LANGUAGE_STANDARD = gnu99;
				GCC_DYNAMIC_NO_PIC = NO;
				GCC_OPTIMIZATION_LEVEL = 0;
				GCC_PREPROCESSOR_DEFINITIONS = (
					"DEBUG=1",
					"$(inherited)",
				);
				GCC_SYMBOLS_PRIVATE_EXTERN = NO;
				GCC_WARN_64_TO_32_BIT_CONVERSION = YES;
				GCC_WARN_ABOUT_RETURN_TYPE = YES_ERROR;
				GCC_WARN_UNDECLARED_SELECTOR = YES;
				GCC_WARN_UNINITIALIZED_AUTOS = YES_AGGRESSIVE;
				GCC_WARN_UNUSED_FUNCTION = YES;
				GCC_WARN_UNUSED_VARIABLE = YES;
				IPHONEOS_DEPLOYMENT_TARGET = 7.1;
				ONLY_ACTIVE_ARCH = YES;
				SDKROOT = iphoneos;
				TARGETED_DEVICE_FAMILY = "1,2";
			};
			name = Debug;
		};
		CDD8E4E81922E9E60095247B /* Release */ = {
			isa = XCBuildConfiguration;
			buildSettings = {
				ALWAYS_SEARCH_USER_PATHS = NO;
				CLANG_CXX_LANGUAGE_STANDARD = "gnu++0x";
				CLANG_CXX_LIBRARY = "libc++";
				CLANG_ENABLE_MODULES = YES;
				CLANG_ENABLE_OBJC_ARC = YES;
				CLANG_WARN_BOOL_CONVERSION = YES;
				CLANG_WARN_CONSTANT_CONVERSION = YES;
				CLANG_WARN_DIRECT_OBJC_ISA_USAGE = YES_ERROR;
				CLANG_WARN_EMPTY_BODY = YES;
				CLANG_WARN_ENUM_CONVERSION = YES;
				CLANG_WARN_INT_CONVERSION = YES;
				CLANG_WARN_OBJC_ROOT_CLASS = YES_ERROR;
				CLANG_WARN__DUPLICATE_METHOD_MATCH = YES;
				"CODE_SIGN_IDENTITY[sdk=iphoneos*]" = "iPhone Developer";
				COPY_PHASE_STRIP = YES;
				ENABLE_NS_ASSERTIONS = NO;
				GCC_C_LANGUAGE_STANDARD = gnu99;
				GCC_WARN_64_TO_32_BIT_CONVERSION = YES;
				GCC_WARN_ABOUT_RETURN_TYPE = YES_ERROR;
				GCC_WARN_UNDECLARED_SELECTOR = YES;
				GCC_WARN_UNINITIALIZED_AUTOS = YES_AGGRESSIVE;
				GCC_WARN_UNUSED_FUNCTION = YES;
				GCC_WARN_UNUSED_VARIABLE = YES;
				IPHONEOS_DEPLOYMENT_TARGET = 7.1;
				SDKROOT = iphoneos;
				TARGETED_DEVICE_FAMILY = "1,2";
				VALIDATE_PRODUCT = YES;
			};
			name = Release;
		};
		CDD8E4EA1922E9E60095247B /* Debug */ = {
			isa = XCBuildConfiguration;
			buildSettings = {
				ASSETCATALOG_COMPILER_APPICON_NAME = AppIcon;
				ASSETCATALOG_COMPILER_LAUNCHIMAGE_NAME = LaunchImage;
				CODE_SIGN_IDENTITY = "iPhone Developer: jun liu (9B54MT74CJ)";
				"CODE_SIGN_IDENTITY[sdk=iphoneos*]" = "iPhone Developer: jun liu (9B54MT74CJ)";
				GCC_PRECOMPILE_PREFIX_HEADER = YES;
				GCC_PREFIX_HEADER = "farm/farm-Prefix.pch";
				INFOPLIST_FILE = "farm/farm-Info.plist";
				IPHONEOS_DEPLOYMENT_TARGET = 6.0;
				PRODUCT_NAME = "$(TARGET_NAME)";
				PROVISIONING_PROFILE = "00766DA0-374C-4F17-8F9F-322B1AA41B88";
				WRAPPER_EXTENSION = app;
			};
			name = Debug;
		};
		CDD8E4EB1922E9E60095247B /* Release */ = {
			isa = XCBuildConfiguration;
			buildSettings = {
				ASSETCATALOG_COMPILER_APPICON_NAME = AppIcon;
				ASSETCATALOG_COMPILER_LAUNCHIMAGE_NAME = LaunchImage;
				CODE_SIGN_IDENTITY = "iPhone Developer: jun liu (9B54MT74CJ)";
				"CODE_SIGN_IDENTITY[sdk=iphoneos*]" = "iPhone Developer";
				GCC_PRECOMPILE_PREFIX_HEADER = YES;
				GCC_PREFIX_HEADER = "farm/farm-Prefix.pch";
				INFOPLIST_FILE = "farm/farm-Info.plist";
				IPHONEOS_DEPLOYMENT_TARGET = 6.0;
				PRODUCT_NAME = "$(TARGET_NAME)";
				PROVISIONING_PROFILE = "00766DA0-374C-4F17-8F9F-322B1AA41B88";
				WRAPPER_EXTENSION = app;
			};
			name = Release;
		};
		CDD8E4ED1922E9E60095247B /* Debug */ = {
			isa = XCBuildConfiguration;
			buildSettings = {
				BUNDLE_LOADER = "$(BUILT_PRODUCTS_DIR)/farm.app/farm";
				FRAMEWORK_SEARCH_PATHS = (
					"$(SDKROOT)/Developer/Library/Frameworks",
					"$(inherited)",
					"$(DEVELOPER_FRAMEWORKS_DIR)",
				);
				GCC_PRECOMPILE_PREFIX_HEADER = YES;
				GCC_PREFIX_HEADER = "farm/farm-Prefix.pch";
				GCC_PREPROCESSOR_DEFINITIONS = (
					"DEBUG=1",
					"$(inherited)",
				);
				INFOPLIST_FILE = "farmTests/farmTests-Info.plist";
				PRODUCT_NAME = "$(TARGET_NAME)";
				TEST_HOST = "$(BUNDLE_LOADER)";
				WRAPPER_EXTENSION = xctest;
			};
			name = Debug;
		};
		CDD8E4EE1922E9E60095247B /* Release */ = {
			isa = XCBuildConfiguration;
			buildSettings = {
				BUNDLE_LOADER = "$(BUILT_PRODUCTS_DIR)/farm.app/farm";
				FRAMEWORK_SEARCH_PATHS = (
					"$(SDKROOT)/Developer/Library/Frameworks",
					"$(inherited)",
					"$(DEVELOPER_FRAMEWORKS_DIR)",
				);
				GCC_PRECOMPILE_PREFIX_HEADER = YES;
				GCC_PREFIX_HEADER = "farm/farm-Prefix.pch";
				INFOPLIST_FILE = "farmTests/farmTests-Info.plist";
				PRODUCT_NAME = "$(TARGET_NAME)";
				TEST_HOST = "$(BUNDLE_LOADER)";
				WRAPPER_EXTENSION = xctest;
			};
			name = Release;
		};
/* End XCBuildConfiguration section */

/* Begin XCConfigurationList section */
		CDD8E4AF1922E9E60095247B /* Build configuration list for PBXProject "farm" */ = {
			isa = XCConfigurationList;
			buildConfigurations = (
				CDD8E4E71922E9E60095247B /* Debug */,
				CDD8E4E81922E9E60095247B /* Release */,
			);
			defaultConfigurationIsVisible = 0;
			defaultConfigurationName = Release;
		};
		CDD8E4E91922E9E60095247B /* Build configuration list for PBXNativeTarget "farm" */ = {
			isa = XCConfigurationList;
			buildConfigurations = (
				CDD8E4EA1922E9E60095247B /* Debug */,
				CDD8E4EB1922E9E60095247B /* Release */,
			);
			defaultConfigurationIsVisible = 0;
			defaultConfigurationName = Release;
		};
		CDD8E4EC1922E9E60095247B /* Build configuration list for PBXNativeTarget "farmTests" */ = {
			isa = XCConfigurationList;
			buildConfigurations = (
				CDD8E4ED1922E9E60095247B /* Debug */,
				CDD8E4EE1922E9E60095247B /* Release */,
			);
			defaultConfigurationIsVisible = 0;
			defaultConfigurationName = Release;
		};
/* End XCConfigurationList section */
	};
	rootObject = CDD8E4AC1922E9E60095247B /* Project object */;
}
